github.com/cristalhq/aconfig v0.19.0 h1:fAo9ZObtzboHnf+5eAoMfb9KTDU5G/ij8OYO2wbpmM0=
github.com/cristalhq/aconfig v0.19.0/go.mod h1:9ogrGEt9yU5V4pif/ThkVUfhj8JkdV+iDeahZGgfnDU=
github.com/mitchellh/mapstructure v1.5.0 h1:jeMsZIYE/09sWLaz43PL7Gy6RuMjD2eJVyuac5Z2hdY=
github.com/mitchellh/mapstructure v1.5.0/go.mod h1:bFUtVrKA4DC2yAKiSyO/QUcy7e+RRV2QTWOzhPopBRo=
